
Microsoft Visual Studio Solution File, Format Version 12.00
# Visual Studio Version 16
VisualStudioVersion = 16.0.31911.196
MinimumVisualStudioVersion = 10.0.40219.1
Project("{FAE04EC0-301F-11D3-BF4B-00C04F79EFBC}") = "ShortDev.Windows.DefaultApps", "ShortDev.Windows.DefaultApps\ShortDev.Windows.DefaultApps.csproj", "{427BDD92-A9A3-40FF-9D0F-DE62082CCAD6}"
EndProject
Project("{FAE04EC0-301F-11D3-BF4B-00C04F79EFBC}") = "SetDefaultBrowser", "SetDefaultBrowser\SetDefaultBrowser.csproj", "{F7E6138C-5286-4BB4-AE61-4E5BBF739C3A}"
EndProject
Project("{2150E333-8FDC-42A3-9474-1A3956D46DE8}") = "Samples", "Samples", "{8BCDD3E8-6370-4711-8917-6D414116EB3B}"
EndProject
Global
	GlobalSection(SolutionConfigurationPlatforms) = preSolution
		Debug|Any CPU = Debug|Any CPU
		Release|Any CPU = Release|Any CPU
	EndGlobalSection
	GlobalSection(ProjectConfigurationPlatforms) = postSolution
		{427BDD92-A9A3-40FF-9D0F-DE62082CCAD6}.Debug|Any CPU.ActiveCfg = Debug|Any CPU
		{427BDD92-A9A3-40FF-9D0F-DE62082CCAD6}.Debug|Any CPU.Build.0 = Debug|Any CPU
		{427BDD92-A9A3-40FF-9D0F-DE62082CCAD6}.Release|Any CPU.ActiveCfg = Release|Any CPU
		{427BDD92-A9A3-40FF-9D0F-DE62082CCAD6}.Release|Any CPU.Build.0 = Release|Any CPU
		{F7E6138C-5286-4BB4-AE61-4E5BBF739C3A}.Debug|Any CPU.ActiveCfg = Debug|Any CPU
		{F7E6138C-5286-4BB4-AE61-4E5BBF739C3A}.Debug|Any CPU.Build.0 = Debug|Any CPU
		{F7E6138C-5286-4BB4-AE61-4E5BBF739C3A}.Release|Any CPU.ActiveCfg = Release|Any CPU
		{F7E6138C-5286-4BB4-AE61-4E5BBF739C3A}.Release|Any CPU.Build.0 = Release|Any CPU
	EndGlobalSection
	GlobalSection(SolutionProperties) = preSolution
		HideSolutionNode = FALSE
	EndGlobalSection
	GlobalSection(NestedProjects) = preSolution
		{F7E6138C-5286-4BB4-AE61-4E5BBF739C3A} = {8BCDD3E8-6370-4711-8917-6D414116EB3B}
	EndGlobalSection
	GlobalSection(ExtensibilityGlobals) = postSolution
		SolutionGuid = {CDDB988F-CB75-4E57-90FC-C75D475D8134}
	EndGlobalSection
EndGlobal
